
Microsoft Visual Studio Solution File, Format Version 12.00
Project("{FAE04EC0-301F-11D3-BF4B-00C04F79EFBC}") = "Sidio.Text.Base32", "src\Sidio.Text.Base32\Sidio.Text.Base32.csproj", "{E66C81D0-1720-4A06-91F0-AAC98FCB3330}"
EndProject
Project("{FAE04EC0-301F-11D3-BF4B-00C04F79EFBC}") = "Sidio.Text.Base32.Tests", "src\Sidio.Text.Base32.Tests\Sidio.Text.Base32.Tests.csproj", "{75D71CC9-4477-46C1-B453-BA87B05D81AD}"
EndProject
Project("{2150E333-8FDC-42A3-9474-1A3956D46DE8}") = "Src", "Src", "{8EEBD6D5-76C3-4E98-98FF-D9D722F9EC94}"
EndProject
Project("{2150E333-8FDC-42A3-9474-1A3956D46DE8}") = "Tests", "Tests", "{11912237-0E48-4977-81D6-66673625E4AE}"
EndProject
Project("{2150E333-8FDC-42A3-9474-1A3956D46DE8}") = "SolutionItems", "SolutionItems", "{E1E76740-2BA0-44D5-A6AA-7F5FE072EDEB}"
	ProjectSection(SolutionItems) = preProject
		.gitignore = .gitignore
		LICENSE = LICENSE
		README.md = README.md
		icon.png = icon.png
	EndProjectSection
EndProject
Project("{2150E333-8FDC-42A3-9474-1A3956D46DE8}") = "Workflows", "Workflows", "{6BC6C2C6-75A6-47D0-A3CE-569238C8EFC3}"
	ProjectSection(SolutionItems) = preProject
		.github\dependabot.yml = .github\dependabot.yml
		.github\workflows\build.yml = .github\workflows\build.yml
		.github\workflows\release.yml = .github\workflows\release.yml
	EndProjectSection
EndProject
Global
	GlobalSection(SolutionConfigurationPlatforms) = preSolution
		Debug|Any CPU = Debug|Any CPU
		Release|Any CPU = Release|Any CPU
	EndGlobalSection
	GlobalSection(ProjectConfigurationPlatforms) = postSolution
		{E66C81D0-1720-4A06-91F0-AAC98FCB3330}.Debug|Any CPU.ActiveCfg = Debug|Any CPU
		{E66C81D0-1720-4A06-91F0-AAC98FCB3330}.Debug|Any CPU.Build.0 = Debug|Any CPU
		{E66C81D0-1720-4A06-91F0-AAC98FCB3330}.Release|Any CPU.ActiveCfg = Release|Any CPU
		{E66C81D0-1720-4A06-91F0-AAC98FCB3330}.Release|Any CPU.Build.0 = Release|Any CPU
		{75D71CC9-4477-46C1-B453-BA87B05D81AD}.Debug|Any CPU.ActiveCfg = Debug|Any CPU
		{75D71CC9-4477-46C1-B453-BA87B05D81AD}.Debug|Any CPU.Build.0 = Debug|Any CPU
		{75D71CC9-4477-46C1-B453-BA87B05D81AD}.Release|Any CPU.ActiveCfg = Release|Any CPU
		{75D71CC9-4477-46C1-B453-BA87B05D81AD}.Release|Any CPU.Build.0 = Release|Any CPU
	EndGlobalSection
	GlobalSection(NestedProjects) = preSolution
		{E66C81D0-1720-4A06-91F0-AAC98FCB3330} = {8EEBD6D5-76C3-4E98-98FF-D9D722F9EC94}
		{75D71CC9-4477-46C1-B453-BA87B05D81AD} = {11912237-0E48-4977-81D6-66673625E4AE}
	EndGlobalSection
EndGlobal
